// !$*UTF8*$!
{
	archiveVersion = 1;
	classes = {
	};
	objectVersion = 56;
	objects = {

/* Begin PBXBuildFile section */
		970EBACB290C1AD9008E4FA7 /* AppDelegate.swift in Sources */ = {isa = PBXBuildFile; fileRef = 970EBACA290C1AD9008E4FA7 /* AppDelegate.swift */; };
		970EBACD290C1AD9008E4FA7 /* SceneDelegate.swift in Sources */ = {isa = PBXBuildFile; fileRef = 970EBACC290C1AD9008E4FA7 /* SceneDelegate.swift */; };
		970EBACF290C1AD9008E4FA7 /* ViewController.swift in Sources */ = {isa = PBXBuildFile; fileRef = 970EBACE290C1AD9008E4FA7 /* ViewController.swift */; };
		970EBAD2290C1AD9008E4FA7 /* Main.storyboard in Resources */ = {isa = PBXBuildFile; fileRef = 970EBAD0290C1AD9008E4FA7 /* Main.storyboard */; };
		970EBAD4290C1ADD008E4FA7 /* Assets.xcassets in Resources */ = {isa = PBXBuildFile; fileRef = 970EBAD3290C1ADD008E4FA7 /* Assets.xcassets */; };
		970EBAD7290C1ADD008E4FA7 /* LaunchScreen.storyboard in Resources */ = {isa = PBXBuildFile; fileRef = 970EBAD5290C1ADD008E4FA7 /* LaunchScreen.storyboard */; };
		970EBADF290C1C7A008E4FA7 /* GoogleService-Info.plist in Resources */ = {isa = PBXBuildFile; fileRef = 970EBADE290C1C7A008E4FA7 /* GoogleService-Info.plist */; };
		97396AFB290C6A4F003D3C7C /* LoginViewController.swift in Sources */ = {isa = PBXBuildFile; fileRef = 97396AFA290C6A4F003D3C7C /* LoginViewController.swift */; };
		97396AFD290C6A66003D3C7C /* SignUpViewController.swift in Sources */ = {isa = PBXBuildFile; fileRef = 97396AFC290C6A66003D3C7C /* SignUpViewController.swift */; };
		979F5C032910759E0048CED6 /* PassageiroViewController.swift in Sources */ = {isa = PBXBuildFile; fileRef = 979F5C022910759E0048CED6 /* PassageiroViewController.swift */; };
		F1B1C2A73DEF949FA55D1943 /* Pods_UberClone.framework in Frameworks */ = {isa = PBXBuildFile; fileRef = 291407560B0B1CC24AC36D51 /* Pods_UberClone.framework */; };
/* End PBXBuildFile section */

/* Begin PBXFileReference section */
		291407560B0B1CC24AC36D51 /* Pods_UberClone.framework */ = {isa = PBXFileReference; explicitFileType = wrapper.framework; includeInIndex = 0; path = Pods_UberClone.framework; sourceTree = BUILT_PRODUCTS_DIR; };
		970EBAC7290C1AD9008E4FA7 /* UberClone.app */ = {isa = PBXFileReference; explicitFileType = wrapper.application; includeInIndex = 0; path = UberClone.app; sourceTree = BUILT_PRODUCTS_DIR; };
		970EBACA290C1AD9008E4FA7 /* AppDelegate.swift */ = {isa = PBXFileReference; lastKnownFileType = sourcecode.swift; path = AppDelegate.swift; sourceTree = "<group>"; };
		970EBACC290C1AD9008E4FA7 /* SceneDelegate.swift */ = {isa = PBXFileReference; lastKnownFileType = sourcecode.swift; path = SceneDelegate.swift; sourceTree = "<group>"; };
		970EBACE290C1AD9008E4FA7 /* ViewController.swift */ = {isa = PBXFileReference; lastKnownFileType = sourcecode.swift; path = ViewController.swift; sourceTree = "<group>"; };
		970EBAD1290C1AD9008E4FA7 /* Base */ = {isa = PBXFileReference; lastKnownFileType = file.storyboard; name = Base; path = Base.lproj/Main.storyboard; sourceTree = "<group>"; };
		970EBAD3290C1ADD008E4FA7 /* Assets.xcassets */ = {isa = PBXFileReference; lastKnownFileType = folder.assetcatalog; path = Assets.xcassets; sourceTree = "<group>"; };
		970EBAD6290C1ADD008E4FA7 /* Base */ = {isa = PBXFileReference; lastKnownFileType = file.storyboard; name = Base; path = Base.lproj/LaunchScreen.storyboard; sourceTree = "<group>"; };
		970EBAD8290C1ADD008E4FA7 /* Info.plist */ = {isa = PBXFileReference; lastKnownFileType = text.plist.xml; path = Info.plist; sourceTree = "<group>"; };
		970EBADE290C1C7A008E4FA7 /* GoogleService-Info.plist */ = {isa = PBXFileReference; fileEncoding = 4; lastKnownFileType = text.plist.xml; path = "GoogleService-Info.plist"; sourceTree = "<group>"; };
		97396AFA290C6A4F003D3C7C /* LoginViewController.swift */ = {isa = PBXFileReference; lastKnownFileType = sourcecode.swift; path = LoginViewController.swift; sourceTree = "<group>"; };
		97396AFC290C6A66003D3C7C /* SignUpViewController.swift */ = {isa = PBXFileReference; lastKnownFileType = sourcecode.swift; path = SignUpViewController.swift; sourceTree = "<group>"; };
		979F5C022910759E0048CED6 /* PassageiroViewController.swift */ = {isa = PBXFileReference; lastKnownFileType = sourcecode.swift; path = PassageiroViewController.swift; sourceTree = "<group>"; };
		D11E266DFABC4C48C0C99ECA /* Pods-UberClone.release.xcconfig */ = {isa = PBXFileReference; includeInIndex = 1; lastKnownFileType = text.xcconfig; name = "Pods-UberClone.release.xcconfig"; path = "Target Support Files/Pods-UberClone/Pods-UberClone.release.xcconfig"; sourceTree = "<group>"; };
		F1BE0F4A746B8D9D33708243 /* Pods-UberClone.debug.xcconfig */ = {isa = PBXFileReference; includeInIndex = 1; lastKnownFileType = text.xcconfig; name = "Pods-UberClone.debug.xcconfig"; path = "Target Support Files/Pods-UberClone/Pods-UberClone.debug.xcconfig"; sourceTree = "<group>"; };
/* End PBXFileReference section */

/* Begin PBXFrameworksBuildPhase section */
		970EBAC4290C1AD9008E4FA7 /* Frameworks */ = {
			isa = PBXFrameworksBuildPhase;
			buildActionMask = 2147483647;
			files = (
				F1B1C2A73DEF949FA55D1943 /* Pods_UberClone.framework in Frameworks */,
			);
			runOnlyForDeploymentPostprocessing = 0;
		};
/* End PBXFrameworksBuildPhase section */

/* Begin PBXGroup section */
		669C0204FBAAB25B7F2531B0 /* Pods */ = {
			isa = PBXGroup;
			children = (
				F1BE0F4A746B8D9D33708243 /* Pods-UberClone.debug.xcconfig */,
				D11E266DFABC4C48C0C99ECA /* Pods-UberClone.release.xcconfig */,
			);
			path = Pods;
			sourceTree = "<group>";
		};
		85E4A9E81464C2C12E6D1773 /* Frameworks */ = {
			isa = PBXGroup;
			children = (
				291407560B0B1CC24AC36D51 /* Pods_UberClone.framework */,
			);
			name = Frameworks;
			sourceTree = "<group>";
		};
		970EBABE290C1AD9008E4FA7 = {
			isa = PBXGroup;
			children = (
				970EBAC9290C1AD9008E4FA7 /* UberClone */,
				970EBAC8290C1AD9008E4FA7 /* Products */,
				669C0204FBAAB25B7F2531B0 /* Pods */,
				85E4A9E81464C2C12E6D1773 /* Frameworks */,
			);
			sourceTree = "<group>";
		};
		970EBAC8290C1AD9008E4FA7 /* Products */ = {
			isa = PBXGroup;
			children = (
				970EBAC7290C1AD9008E4FA7 /* UberClone.app */,
			);
			name = Products;
			sourceTree = "<group>";
		};
		970EBAC9290C1AD9008E4FA7 /* UberClone */ = {
			isa = PBXGroup;
			children = (
				970EBACA290C1AD9008E4FA7 /* AppDelegate.swift */,
				97396AF9290C6998003D3C7C /* Model */,
				97396AF8290C698A003D3C7C /* ViewController */,
				970EBACC290C1AD9008E4FA7 /* SceneDelegate.swift */,
				970EBAD0290C1AD9008E4FA7 /* Main.storyboard */,
				970EBAD3290C1ADD008E4FA7 /* Assets.xcassets */,
				970EBAD5290C1ADD008E4FA7 /* LaunchScreen.storyboard */,
				970EBAD8290C1ADD008E4FA7 /* Info.plist */,
				970EBADE290C1C7A008E4FA7 /* GoogleService-Info.plist */,
			);
			path = UberClone;
			sourceTree = "<group>";
		};
		97396AF8290C698A003D3C7C /* ViewController */ = {
			isa = PBXGroup;
			children = (
				970EBACE290C1AD9008E4FA7 /* ViewController.swift */,
				97396AFA290C6A4F003D3C7C /* LoginViewController.swift */,
				97396AFC290C6A66003D3C7C /* SignUpViewController.swift */,
				979F5C022910759E0048CED6 /* PassageiroViewController.swift */,
			);
			path = ViewController;
			sourceTree = "<group>";
		};
		97396AF9290C6998003D3C7C /* Model */ = {
			isa = PBXGroup;
			children = (
			);
			path = Model;
			sourceTree = "<group>";
		};
/* End PBXGroup section */

/* Begin PBXNativeTarget section */
		970EBAC6290C1AD9008E4FA7 /* UberClone */ = {
			isa = PBXNativeTarget;
			buildConfigurationList = 970EBADB290C1ADD008E4FA7 /* Build configuration list for PBXNativeTarget "UberClone" */;
			buildPhases = (
				D6E8F1A822B0D05F7F1D7D71 /* [CP] Check Pods Manifest.lock */,
				970EBAC3290C1AD9008E4FA7 /* Sources */,
				970EBAC4290C1AD9008E4FA7 /* Frameworks */,
				970EBAC5290C1AD9008E4FA7 /* Resources */,
				43960C96626429B96DCB6A20 /* [CP] Embed Pods Frameworks */,
			);
			buildRules = (
			);
			dependencies = (
			);
			name = UberClone;
			productName = UberClone;
			productReference = 970EBAC7290C1AD9008E4FA7 /* UberClone.app */;
			productType = "com.apple.product-type.application";
		};
/* End PBXNativeTarget section */

/* Begin PBXProject section */
		970EBABF290C1AD9008E4FA7 /* Project object */ = {
			isa = PBXProject;
			attributes = {
				BuildIndependentTargetsInParallel = 1;
				LastSwiftUpdateCheck = 1400;
				LastUpgradeCheck = 1400;
				TargetAttributes = {
					970EBAC6290C1AD9008E4FA7 = {
						CreatedOnToolsVersion = 14.0;
					};
				};
			};
			buildConfigurationList = 970EBAC2290C1AD9008E4FA7 /* Build configuration list for PBXProject "UberClone" */;
			compatibilityVersion = "Xcode 14.0";
			developmentRegion = en;
			hasScannedForEncodings = 0;
			knownRegions = (
				en,
				Base,
			);
			mainGroup = 970EBABE290C1AD9008E4FA7;
			productRefGroup = 970EBAC8290C1AD9008E4FA7 /* Products */;
			projectDirPath = "";
			projectRoot = "";
			targets = (
				970EBAC6290C1AD9008E4FA7 /* UberClone */,
			);
		};
/* End PBXProject section */

/* Begin PBXResourcesBuildPhase section */
		970EBAC5290C1AD9008E4FA7 /* Resources */ = {
			isa = PBXResourcesBuildPhase;
			buildActionMask = 2147483647;
			files = (
				970EBAD7290C1ADD008E4FA7 /* LaunchScreen.storyboard in Resources */,
				970EBADF290C1C7A008E4FA7 /* GoogleService-Info.plist in Resources */,
				970EBAD4290C1ADD008E4FA7 /* Assets.xcassets in Resources */,
				970EBAD2290C1AD9008E4FA7 /* Main.storyboard in Resources */,
			);
			runOnlyForDeploymentPostprocessing = 0;
		};
/* End PBXResourcesBuildPhase section */

/* Begin PBXShellScriptBuildPhase section */
		43960C96626429B96DCB6A20 /* [CP] Embed Pods Frameworks */ = {
			isa = PBXShellScriptBuildPhase;
			buildActionMask = 2147483647;
			files = (
			);
			inputFileListPaths = (
				"${PODS_ROOT}/Target Support Files/Pods-UberClone/Pods-UberClone-frameworks-${CONFIGURATION}-input-files.xcfilelist",
			);
			name = "[CP] Embed Pods Frameworks";
			outputFileListPaths = (
				"${PODS_ROOT}/Target Support Files/Pods-UberClone/Pods-UberClone-frameworks-${CONFIGURATION}-output-files.xcfilelist",
			);
			runOnlyForDeploymentPostprocessing = 0;
			shellPath = /bin/sh;
			shellScript = "\"${PODS_ROOT}/Target Support Files/Pods-UberClone/Pods-UberClone-frameworks.sh\"\n";
			showEnvVarsInLog = 0;
		};
		D6E8F1A822B0D05F7F1D7D71 /* [CP] Check Pods Manifest.lock */ = {
			isa = PBXShellScriptBuildPhase;
			buildActionMask = 2147483647;
			files = (
			);
			inputFileListPaths = (
			);
			inputPaths = (
				"${PODS_PODFILE_DIR_PATH}/Podfile.lock",
				"${PODS_ROOT}/Manifest.lock",
			);
			name = "[CP] Check Pods Manifest.lock";
			outputFileListPaths = (
			);
			outputPaths = (
				"$(DERIVED_FILE_DIR)/Pods-UberClone-checkManifestLockResult.txt",
			);
			runOnlyForDeploymentPostprocessing = 0;
			shellPath = /bin/sh;
			shellScript = "diff \"${PODS_PODFILE_DIR_PATH}/Podfile.lock\" \"${PODS_ROOT}/Manifest.lock\" > /dev/null\nif [ $? != 0 ] ; then\n    # print error to STDERR\n    echo \"error: The sandbox is not in sync with the Podfile.lock. Run 'pod install' or update your CocoaPods installation.\" >&2\n    exit 1\nfi\n# This output is used by Xcode 'outputs' to avoid re-running this script phase.\necho \"SUCCESS\" > \"${SCRIPT_OUTPUT_FILE_0}\"\n";
			showEnvVarsInLog = 0;
		};
/* End PBXShellScriptBuildPhase section */

/* Begin PBXSourcesBuildPhase section */
		970EBAC3290C1AD9008E4FA7 /* Sources */ = {
			isa = PBXSourcesBuildPhase;
			buildActionMask = 2147483647;
			files = (
				979F5C032910759E0048CED6 /* PassageiroViewController.swift in Sources */,
				97396AFB290C6A4F003D3C7C /* LoginViewController.swift in Sources */,
				970EBACF290C1AD9008E4FA7 /* ViewController.swift in Sources */,
				970EBACB290C1AD9008E4FA7 /* AppDelegate.swift in Sources */,
				970EBACD290C1AD9008E4FA7 /* SceneDelegate.swift in Sources */,
				97396AFD290C6A66003D3C7C /* SignUpViewController.swift in Sources */,
			);
			runOnlyForDeploymentPostprocessing = 0;
		};
/* End PBXSourcesBuildPhase section */

/* Begin PBXVariantGroup section */
		970EBAD0290C1AD9008E4FA7 /* Main.storyboard */ = {
			isa = PBXVariantGroup;
			children = (
				970EBAD1290C1AD9008E4FA7 /* Base */,
			);
			name = Main.storyboard;
			sourceTree = "<group>";
		};
		970EBAD5290C1ADD008E4FA7 /* LaunchScreen.storyboard */ = {
			isa = PBXVariantGroup;
			children = (
				970EBAD6290C1ADD008E4FA7 /* Base */,
			);
			name = LaunchScreen.storyboard;
			sourceTree = "<group>";
		};
/* End PBXVariantGroup section */

/* Begin XCBuildConfiguration section */
		970EBAD9290C1ADD008E4FA7 /* Debug */ = {
			isa = XCBuildConfiguration;
			buildSettings = {
				ALWAYS_SEARCH_USER_PATHS = NO;
				CLANG_ANALYZER_NONNULL = YES;
				CLANG_ANALYZER_NUMBER_OBJECT_CONVERSION = YES_AGGRESSIVE;
				CLANG_CXX_LANGUAGE_STANDARD = "gnu++20";
				CLANG_ENABLE_MODULES = YES;
				CLANG_ENABLE_OBJC_ARC = YES;
				CLANG_ENABLE_OBJC_WEAK = YES;
				CLANG_WARN_BLOCK_CAPTURE_AUTORELEASING = YES;
				CLANG_WARN_BOOL_CONVERSION = YES;
				CLANG_WARN_COMMA = YES;
				CLANG_WARN_CONSTANT_CONVERSION = YES;
				CLANG_WARN_DEPRECATED_OBJC_IMPLEMENTATIONS = YES;
				CLANG_WARN_DIRECT_OBJC_ISA_USAGE = YES_ERROR;
				CLANG_WARN_DOCUMENTATION_COMMENTS = YES;
				CLANG_WARN_EMPTY_BODY = YES;
				CLANG_WARN_ENUM_CONVERSION = YES;
				CLANG_WARN_INFINITE_RECURSION = YES;
				CLANG_WARN_INT_CONVERSION = YES;
				CLANG_WARN_NON_LITERAL_NULL_CONVERSION = YES;
				CLANG_WARN_OBJC_IMPLICIT_RETAIN_SELF = YES;
				CLANG_WARN_OBJC_LITERAL_CONVERSION = YES;
				CLANG_WARN_OBJC_ROOT_CLASS = YES_ERROR;
				CLANG_WARN_QUOTED_INCLUDE_IN_FRAMEWORK_HEADER = YES;
				CLANG_WARN_RANGE_LOOP_ANALYSIS = YES;
				CLANG_WARN_STRICT_PROTOTYPES = YES;
				CLANG_WARN_SUSPICIOUS_MOVE = YES;
				CLANG_WARN_UNGUARDED_AVAILABILITY = YES_AGGRESSIVE;
				CLANG_WARN_UNREACHABLE_CODE = YES;
				CLANG_WARN__DUPLICATE_METHOD_MATCH = YES;
				COPY_PHASE_STRIP = NO;
				DEBUG_INFORMATION_FORMAT = dwarf;
				ENABLE_STRICT_OBJC_MSGSEND = YES;
				ENABLE_TESTABILITY = YES;
				GCC_C_LANGUAGE_STANDARD = gnu11;
				GCC_DYNAMIC_NO_PIC = NO;
				GCC_NO_COMMON_BLOCKS = YES;
				GCC_OPTIMIZATION_LEVEL = 0;
				GCC_PREPROCESSOR_DEFINITIONS = (
					"DEBUG=1",
					"$(inherited)",
				);
				GCC_WARN_64_TO_32_BIT_CONVERSION = YES;
				GCC_WARN_ABOUT_RETURN_TYPE = YES_ERROR;
				GCC_WARN_UNDECLARED_SELECTOR = YES;
				GCC_WARN_UNINITIALIZED_AUTOS = YES_AGGRESSIVE;
				GCC_WARN_UNUSED_FUNCTION = YES;
				GCC_WARN_UNUSED_VARIABLE = YES;
				IPHONEOS_DEPLOYMENT_TARGET = 16.0;
				MTL_ENABLE_DEBUG_INFO = INCLUDE_SOURCE;
				MTL_FAST_MATH = YES;
				ONLY_ACTIVE_ARCH = YES;
				SDKROOT = iphoneos;
				SWIFT_ACTIVE_COMPILATION_CONDITIONS = DEBUG;
				SWIFT_OPTIMIZATION_LEVEL = "-Onone";
			};
			name = Debug;
		};
		970EBADA290C1ADD008E4FA7 /* Release */ = {
			isa = XCBuildConfiguration;
			buildSettings = {
				ALWAYS_SEARCH_USER_PATHS = NO;
				CLANG_ANALYZER_NONNULL = YES;
				CLANG_ANALYZER_NUMBER_OBJECT_CONVERSION = YES_AGGRESSIVE;
				CLANG_CXX_LANGUAGE_STANDARD = "gnu++20";
				CLANG_ENABLE_MODULES = YES;
				CLANG_ENABLE_OBJC_ARC = YES;
				CLANG_ENABLE_OBJC_WEAK = YES;
				CLANG_WARN_BLOCK_CAPTURE_AUTORELEASING = YES;
				CLANG_WARN_BOOL_CONVERSION = YES;
				CLANG_WARN_COMMA = YES;
				CLANG_WARN_CONSTANT_CONVERSION = YES;
				CLANG_WARN_DEPRECATED_OBJC_IMPLEMENTATIONS = YES;
				CLANG_WARN_DIRECT_OBJC_ISA_USAGE = YES_ERROR;
				CLANG_WARN_DOCUMENTATION_COMMENTS = YES;
				CLANG_WARN_EMPTY_BODY = YES;
				CLANG_WARN_ENUM_CONVERSION = YES;
				CLANG_WARN_INFINITE_RECURSION = YES;
				CLANG_WARN_INT_CONVERSION = YES;
				CLANG_WARN_NON_LITERAL_NULL_CONVERSION = YES;
				CLANG_WARN_OBJC_IMPLICIT_RETAIN_SELF = YES;
				CLANG_WARN_OBJC_LITERAL_CONVERSION = YES;
				CLANG_WARN_OBJC_ROOT_CLASS = YES_ERROR;
				CLANG_WARN_QUOTED_INCLUDE_IN_FRAMEWORK_HEADER = YES;
				CLANG_WARN_RANGE_LOOP_ANALYSIS = YES;
				CLANG_WARN_STRICT_PROTOTYPES = YES;
				CLANG_WARN_SUSPICIOUS_MOVE = YES;
				CLANG_WARN_UNGUARDED_AVAILABILITY = YES_AGGRESSIVE;
				CLANG_WARN_UNREACHABLE_CODE = YES;
				CLANG_WARN__DUPLICATE_METHOD_MATCH = YES;
				COPY_PHASE_STRIP = NO;
				DEBUG_INFORMATION_FORMAT = "dwarf-with-dsym";
				ENABLE_NS_ASSERTIONS = NO;
				ENABLE_STRICT_OBJC_MSGSEND = YES;
				GCC_C_LANGUAGE_STANDARD = gnu11;
				GCC_NO_COMMON_BLOCKS = YES;
				GCC_WARN_64_TO_32_BIT_CONVERSION = YES;
				GCC_WARN_ABOUT_RETURN_TYPE = YES_ERROR;
				GCC_WARN_UNDECLARED_SELECTOR = YES;
				GCC_WARN_UNINITIALIZED_AUTOS = YES_AGGRESSIVE;
				GCC_WARN_UNUSED_FUNCTION = YES;
				GCC_WARN_UNUSED_VARIABLE = YES;
				IPHONEOS_DEPLOYMENT_TARGET = 16.0;
				MTL_ENABLE_DEBUG_INFO = NO;
				MTL_FAST_MATH = YES;
				SDKROOT = iphoneos;
				SWIFT_COMPILATION_MODE = wholemodule;
				SWIFT_OPTIMIZATION_LEVEL = "-O";
				VALIDATE_PRODUCT = YES;
			};
			name = Release;
		};
		970EBADC290C1ADD008E4FA7 /* Debug */ = {
			isa = XCBuildConfiguration;
			baseConfigurationReference = F1BE0F4A746B8D9D33708243 /* Pods-UberClone.debug.xcconfig */;
			buildSettings = {
				ASSETCATALOG_COMPILER_APPICON_NAME = AppIcon;
				ASSETCATALOG_COMPILER_GLOBAL_ACCENT_COLOR_NAME = AccentColor;
				CODE_SIGN_STYLE = Automatic;
				CURRENT_PROJECT_VERSION = 1;
				GENERATE_INFOPLIST_FILE = YES;
				INFOPLIST_FILE = UberClone/Info.plist;
				INFOPLIST_KEY_UIApplicationSupportsIndirectInputEvents = YES;
				INFOPLIST_KEY_UILaunchStoryboardName = LaunchScreen;
				INFOPLIST_KEY_UIMainStoryboardFile = Main;
				INFOPLIST_KEY_UISupportedInterfaceOrientations_iPad = "UIInterfaceOrientationPortrait UIInterfaceOrientationPortraitUpsideDown UIInterfaceOrientationLandscapeLeft UIInterfaceOrientationLandscapeRight";
				INFOPLIST_KEY_UISupportedInterfaceOrientations_iPhone = "UIInterfaceOrientationPortrait UIInterfaceOrientationLandscapeLeft UIInterfaceOrientationLandscapeRight";
				IPHONEOS_DEPLOYMENT_TARGET = 12.0;
				LD_RUNPATH_SEARCH_PATHS = (
					"$(inherited)",
					"@executable_path/Frameworks",
				);
				MARKETING_VERSION = 1.0;
				PRODUCT_BUNDLE_IDENTIFIER = com.dbccompany.UberClone;
				PRODUCT_NAME = "$(TARGET_NAME)";
				SWIFT_EMIT_LOC_STRINGS = YES;
				SWIFT_VERSION = 5.0;
				TARGETED_DEVICE_FAMILY = "1,2";
			};
			name = Debug;
		};
		970EBADD290C1ADD008E4FA7 /* Release */ = {
			isa = XCBuildConfiguration;
			baseConfigurationReference = D11E266DFABC4C48C0C99ECA /* Pods-UberClone.release.xcconfig */;
			buildSettings = {
				ASSETCATALOG_COMPILER_APPICON_NAME = AppIcon;
				ASSETCATALOG_COMPILER_GLOBAL_ACCENT_COLOR_NAME = AccentColor;
				CODE_SIGN_STYLE = Automatic;
				CURRENT_PROJECT_VERSION = 1;
				GENERATE_INFOPLIST_FILE = YES;
				INFOPLIST_FILE = UberClone/Info.plist;
				INFOPLIST_KEY_UIApplicationSupportsIndirectInputEvents = YES;
				INFOPLIST_KEY_UILaunchStoryboardName = LaunchScreen;
				INFOPLIST_KEY_UIMainStoryboardFile = Main;
				INFOPLIST_KEY_UISupportedInterfaceOrientations_iPad = "UIInterfaceOrientationPortrait UIInterfaceOrientationPortraitUpsideDown UIInterfaceOrientationLandscapeLeft UIInterfaceOrientationLandscapeRight";
				INFOPLIST_KEY_UISupportedInterfaceOrientations_iPhone = "UIInterfaceOrientationPortrait UIInterfaceOrientationLandscapeLeft UIInterfaceOrientationLandscapeRight";
				IPHONEOS_DEPLOYMENT_TARGET = 12.0;
				LD_RUNPATH_SEARCH_PATHS = (
					"$(inherited)",
					"@executable_path/Frameworks",
				);
				MARKETING_VERSION = 1.0;
				PRODUCT_BUNDLE_IDENTIFIER = com.dbccompany.UberClone;
				PRODUCT_NAME = "$(TARGET_NAME)";
				SWIFT_EMIT_LOC_STRINGS = YES;
				SWIFT_VERSION = 5.0;
				TARGETED_DEVICE_FAMILY = "1,2";
			};
			name = Release;
		};
/* End XCBuildConfiguration section */

/* Begin XCConfigurationList section */
		970EBAC2290C1AD9008E4FA7 /* Build configuration list for PBXProject "UberClone" */ = {
			isa = XCConfigurationList;
			buildConfigurations = (
				970EBAD9290C1ADD008E4FA7 /* Debug */,
				970EBADA290C1ADD008E4FA7 /* Release */,
			);
			defaultConfigurationIsVisible = 0;
			defaultConfigurationName = Release;
		};
		970EBADB290C1ADD008E4FA7 /* Build configuration list for PBXNativeTarget "UberClone" */ = {
			isa = XCConfigurationList;
			buildConfigurations = (
				970EBADC290C1ADD008E4FA7 /* Debug */,
				970EBADD290C1ADD008E4FA7 /* Release */,
			);
			defaultConfigurationIsVisible = 0;
			defaultConfigurationName = Release;
		};
/* End XCConfigurationList section */
	};
	rootObject = 970EBABF290C1AD9008E4FA7 /* Project object */;
}
